
Microsoft Visual Studio Solution File, Format Version 12.00
# Visual Studio Version 17
VisualStudioVersion = 17.8.34330.188
MinimumVisualStudioVersion = 10.0.40219.1
Project("{2150E333-8FDC-42A3-9474-1A3956D46DE8}") = "Bootstrapper", "Bootstrapper", "{B1793D06-5EA9-4410-97BF-6577494E7699}"
EndProject
Project("{2150E333-8FDC-42A3-9474-1A3956D46DE8}") = "Modules", "Modules", "{B2B1C3D4-7B14-4351-A26E-4D1E937CD30D}"
EndProject
Project("{2150E333-8FDC-42A3-9474-1A3956D46DE8}") = "Shared", "Shared", "{CE82BAEF-7360-43F6-B718-8D7EA67D7AC5}"
EndProject
Project("{9A19103F-16F7-4668-BE54-9A1E7A4F7556}") = "Api", "Bootstrapper\Api\Api.csproj", "{B5A7301A-4381-4936-9BD9-8373A464F66A}"
EndProject
Project("{2150E333-8FDC-42A3-9474-1A3956D46DE8}") = "Catalog", "Catalog", "{2183AA6F-1521-4F6A-ADE8-F3F2FE5F7D9B}"
EndProject
Project("{2150E333-8FDC-42A3-9474-1A3956D46DE8}") = "Basket", "Basket", "{597C8ABE-28CD-4930-91C7-94C63010F1B2}"
EndProject
Project("{2150E333-8FDC-42A3-9474-1A3956D46DE8}") = "Ordering", "Ordering", "{1DB50D84-1552-4C2D-9D6D-DA4C9ABE1DA1}"
EndProject
Project("{9A19103F-16F7-4668-BE54-9A1E7A4F7556}") = "Catalog", "Modules\Catalog\Catalog\Catalog.csproj", "{C413FA66-37BF-49EB-B267-2DDF6D1CC388}"
EndProject
Project("{9A19103F-16F7-4668-BE54-9A1E7A4F7556}") = "Basket", "Modules\Basket\Basket\Basket.csproj", "{D58B41CA-4C74-4B92-8F2A-FFA51212A894}"
EndProject
Project("{9A19103F-16F7-4668-BE54-9A1E7A4F7556}") = "Ordering", "Modules\Ordering\Ordering\Ordering.csproj", "{7AD94A71-3CDB-472B-8D66-E39D568A3110}"
EndProject
Project("{9A19103F-16F7-4668-BE54-9A1E7A4F7556}") = "Shared", "Shared\Shared\Shared.csproj", "{2E68510B-F88F-447A-9C99-7C96E32553E4}"
EndProject
Project("{E53339B2-1760-4266-BCC7-CA923CBCF16C}") = "docker-compose", "docker-compose.dcproj", "{766D2A03-B225-4ECD-B857-27690CCCEB41}"
EndProject
Project("{FAE04EC0-301F-11D3-BF4B-00C04F79EFBC}") = "Catalog.Contracts", "Modules\Catalog\Catalog.Cantracts\Catalog.Contracts.csproj", "{EDAB0F92-D07A-4E08-8FBE-F9666BB04BF7}"
EndProject
Project("{FAE04EC0-301F-11D3-BF4B-00C04F79EFBC}") = "Shared.Contracts", "Shared\Shared.Contracts\Shared.Contracts.csproj", "{418650C1-F74D-4C90-9415-40A7B50A1921}"
EndProject
Global
	GlobalSection(SolutionConfigurationPlatforms) = preSolution
		Debug|Any CPU = Debug|Any CPU
		Release|Any CPU = Release|Any CPU
	EndGlobalSection
	GlobalSection(ProjectConfigurationPlatforms) = postSolution
		{B5A7301A-4381-4936-9BD9-8373A464F66A}.Debug|Any CPU.ActiveCfg = Debug|Any CPU
		{B5A7301A-4381-4936-9BD9-8373A464F66A}.Debug|Any CPU.Build.0 = Debug|Any CPU
		{B5A7301A-4381-4936-9BD9-8373A464F66A}.Release|Any CPU.ActiveCfg = Release|Any CPU
		{B5A7301A-4381-4936-9BD9-8373A464F66A}.Release|Any CPU.Build.0 = Release|Any CPU
		{C413FA66-37BF-49EB-B267-2DDF6D1CC388}.Debug|Any CPU.ActiveCfg = Debug|Any CPU
		{C413FA66-37BF-49EB-B267-2DDF6D1CC388}.Debug|Any CPU.Build.0 = Debug|Any CPU
		{C413FA66-37BF-49EB-B267-2DDF6D1CC388}.Release|Any CPU.ActiveCfg = Release|Any CPU
		{C413FA66-37BF-49EB-B267-2DDF6D1CC388}.Release|Any CPU.Build.0 = Release|Any CPU
		{D58B41CA-4C74-4B92-8F2A-FFA51212A894}.Debug|Any CPU.ActiveCfg = Debug|Any CPU
		{D58B41CA-4C74-4B92-8F2A-FFA51212A894}.Debug|Any CPU.Build.0 = Debug|Any CPU
		{D58B41CA-4C74-4B92-8F2A-FFA51212A894}.Release|Any CPU.ActiveCfg = Release|Any CPU
		{D58B41CA-4C74-4B92-8F2A-FFA51212A894}.Release|Any CPU.Build.0 = Release|Any CPU
		{7AD94A71-3CDB-472B-8D66-E39D568A3110}.Debug|Any CPU.ActiveCfg = Debug|Any CPU
		{7AD94A71-3CDB-472B-8D66-E39D568A3110}.Debug|Any CPU.Build.0 = Debug|Any CPU
		{7AD94A71-3CDB-472B-8D66-E39D568A3110}.Release|Any CPU.ActiveCfg = Release|Any CPU
		{7AD94A71-3CDB-472B-8D66-E39D568A3110}.Release|Any CPU.Build.0 = Release|Any CPU
		{2E68510B-F88F-447A-9C99-7C96E32553E4}.Debug|Any CPU.ActiveCfg = Debug|Any CPU
		{2E68510B-F88F-447A-9C99-7C96E32553E4}.Debug|Any CPU.Build.0 = Debug|Any CPU
		{2E68510B-F88F-447A-9C99-7C96E32553E4}.Release|Any CPU.ActiveCfg = Release|Any CPU
		{2E68510B-F88F-447A-9C99-7C96E32553E4}.Release|Any CPU.Build.0 = Release|Any CPU
		{766D2A03-B225-4ECD-B857-27690CCCEB41}.Debug|Any CPU.ActiveCfg = Debug|Any CPU
		{766D2A03-B225-4ECD-B857-27690CCCEB41}.Debug|Any CPU.Build.0 = Debug|Any CPU
		{766D2A03-B225-4ECD-B857-27690CCCEB41}.Release|Any CPU.ActiveCfg = Release|Any CPU
		{766D2A03-B225-4ECD-B857-27690CCCEB41}.Release|Any CPU.Build.0 = Release|Any CPU
		{EDAB0F92-D07A-4E08-8FBE-F9666BB04BF7}.Debug|Any CPU.ActiveCfg = Debug|Any CPU
		{EDAB0F92-D07A-4E08-8FBE-F9666BB04BF7}.Debug|Any CPU.Build.0 = Debug|Any CPU
		{EDAB0F92-D07A-4E08-8FBE-F9666BB04BF7}.Release|Any CPU.ActiveCfg = Release|Any CPU
		{EDAB0F92-D07A-4E08-8FBE-F9666BB04BF7}.Release|Any CPU.Build.0 = Release|Any CPU
		{418650C1-F74D-4C90-9415-40A7B50A1921}.Debug|Any CPU.ActiveCfg = Debug|Any CPU
		{418650C1-F74D-4C90-9415-40A7B50A1921}.Debug|Any CPU.Build.0 = Debug|Any CPU
		{418650C1-F74D-4C90-9415-40A7B50A1921}.Release|Any CPU.ActiveCfg = Release|Any CPU
		{418650C1-F74D-4C90-9415-40A7B50A1921}.Release|Any CPU.Build.0 = Release|Any CPU
	EndGlobalSection
	GlobalSection(SolutionProperties) = preSolution
		HideSolutionNode = FALSE
	EndGlobalSection
	GlobalSection(NestedProjects) = preSolution
		{B5A7301A-4381-4936-9BD9-8373A464F66A} = {B1793D06-5EA9-4410-97BF-6577494E7699}
		{2183AA6F-1521-4F6A-ADE8-F3F2FE5F7D9B} = {B2B1C3D4-7B14-4351-A26E-4D1E937CD30D}
		{597C8ABE-28CD-4930-91C7-94C63010F1B2} = {B2B1C3D4-7B14-4351-A26E-4D1E937CD30D}
		{1DB50D84-1552-4C2D-9D6D-DA4C9ABE1DA1} = {B2B1C3D4-7B14-4351-A26E-4D1E937CD30D}
		{C413FA66-37BF-49EB-B267-2DDF6D1CC388} = {2183AA6F-1521-4F6A-ADE8-F3F2FE5F7D9B}
		{D58B41CA-4C74-4B92-8F2A-FFA51212A894} = {597C8ABE-28CD-4930-91C7-94C63010F1B2}
		{7AD94A71-3CDB-472B-8D66-E39D568A3110} = {1DB50D84-1552-4C2D-9D6D-DA4C9ABE1DA1}
		{2E68510B-F88F-447A-9C99-7C96E32553E4} = {CE82BAEF-7360-43F6-B718-8D7EA67D7AC5}
		{EDAB0F92-D07A-4E08-8FBE-F9666BB04BF7} = {2183AA6F-1521-4F6A-ADE8-F3F2FE5F7D9B}
		{418650C1-F74D-4C90-9415-40A7B50A1921} = {CE82BAEF-7360-43F6-B718-8D7EA67D7AC5}
	EndGlobalSection
	GlobalSection(ExtensibilityGlobals) = postSolution
		SolutionGuid = {10032CE9-F527-481D-AEBF-39AD5B41AF18}
	EndGlobalSection
EndGlobal
